
Microsoft Visual Studio Solution File, Format Version 12.00
# Visual Studio Version 17
VisualStudioVersion = 17.6.33815.320
MinimumVisualStudioVersion = 10.0.40219.1
Project("{FAE04EC0-301F-11D3-BF4B-00C04F79EFBC}") = "SrDictionary", "SrDictionary\SrDictionary.csproj", "{52115B22-13A7-4217-A524-32BADAADE3FE}"
EndProject
Global
	GlobalSection(SolutionConfigurationPlatforms) = preSolution
		Debug|Any CPU = Debug|Any CPU
		Release|Any CPU = Release|Any CPU
	EndGlobalSection
	GlobalSection(ProjectConfigurationPlatforms) = postSolution
		{52115B22-13A7-4217-A524-32BADAADE3FE}.Debug|Any CPU.ActiveCfg = Debug|Any CPU
		{52115B22-13A7-4217-A524-32BADAADE3FE}.Debug|Any CPU.Build.0 = Debug|Any CPU
		{52115B22-13A7-4217-A524-32BADAADE3FE}.Release|Any CPU.ActiveCfg = Release|Any CPU
		{52115B22-13A7-4217-A524-32BADAADE3FE}.Release|Any CPU.Build.0 = Release|Any CPU
	EndGlobalSection
	GlobalSection(SolutionProperties) = preSolution
		HideSolutionNode = FALSE
	EndGlobalSection
	GlobalSection(ExtensibilityGlobals) = postSolution
		SolutionGuid = {E31C6A80-7286-4CAD-8B83-2DC05ADDE61A}
	EndGlobalSection
EndGlobal
